
Microsoft Visual Studio Solution File, Format Version 12.00
# Visual Studio Version 17
VisualStudioVersion = 17.4.33403.182
MinimumVisualStudioVersion = 10.0.40219.1
Project("{FAE04EC0-301F-11D3-BF4B-00C04F79EFBC}") = "AutoExecuteNode", "AutoExecuteNode\AutoExecuteNode.csproj", "{C0BDE81C-46FF-40A1-B3A1-07E40830115C}"
EndProject
Global
	GlobalSection(SolutionConfigurationPlatforms) = preSolution
		Debug|Any CPU = Debug|Any CPU
		Release|Any CPU = Release|Any CPU
	EndGlobalSection
	GlobalSection(ProjectConfigurationPlatforms) = postSolution
		{C0BDE81C-46FF-40A1-B3A1-07E40830115C}.Debug|Any CPU.ActiveCfg = Debug|Any CPU
		{C0BDE81C-46FF-40A1-B3A1-07E40830115C}.Debug|Any CPU.Build.0 = Debug|Any CPU
		{C0BDE81C-46FF-40A1-B3A1-07E40830115C}.Release|Any CPU.ActiveCfg = Release|Any CPU
		{C0BDE81C-46FF-40A1-B3A1-07E40830115C}.Release|Any CPU.Build.0 = Release|Any CPU
	EndGlobalSection
	GlobalSection(SolutionProperties) = preSolution
		HideSolutionNode = FALSE
	EndGlobalSection
	GlobalSection(ExtensibilityGlobals) = postSolution
		SolutionGuid = {1928799A-1D41-4C13-995B-265DF15A63C9}
	EndGlobalSection
EndGlobal
